
Microsoft Visual Studio Solution File, Format Version 12.00
# Visual Studio Version 17
VisualStudioVersion = 17.8.34330.188
MinimumVisualStudioVersion = 10.0.40219.1
Project("{FAE04EC0-301F-11D3-BF4B-00C04F79EFBC}") = "ChristmasGreetings", "ChristmasGreetings\ChristmasGreetings.csproj", "{E9A902CF-C0D8-4B5D-BDA9-E4919686C797}"
EndProject
Global
	GlobalSection(SolutionConfigurationPlatforms) = preSolution
		Debug|Any CPU = Debug|Any CPU
		Release|Any CPU = Release|Any CPU
	EndGlobalSection
	GlobalSection(ProjectConfigurationPlatforms) = postSolution
		{E9A902CF-C0D8-4B5D-BDA9-E4919686C797}.Debug|Any CPU.ActiveCfg = Debug|Any CPU
		{E9A902CF-C0D8-4B5D-BDA9-E4919686C797}.Debug|Any CPU.Build.0 = Debug|Any CPU
		{E9A902CF-C0D8-4B5D-BDA9-E4919686C797}.Release|Any CPU.ActiveCfg = Release|Any CPU
		{E9A902CF-C0D8-4B5D-BDA9-E4919686C797}.Release|Any CPU.Build.0 = Release|Any CPU
	EndGlobalSection
	GlobalSection(SolutionProperties) = preSolution
		HideSolutionNode = FALSE
	EndGlobalSection
	GlobalSection(ExtensibilityGlobals) = postSolution
		SolutionGuid = {B631FE36-DBCC-49FB-ACAC-0A41330E76A1}
	EndGlobalSection
EndGlobal
