
Microsoft Visual Studio Solution File, Format Version 12.00
# Visual Studio Version 17
VisualStudioVersion = 17.8.34330.188
MinimumVisualStudioVersion = 10.0.40219.1
Project("{FAE04EC0-301F-11D3-BF4B-00C04F79EFBC}") = "WhoIsTaller", "WhoIsTaller\WhoIsTaller.csproj", "{316EBAB9-00AD-4474-A9B3-5222DF449364}"
EndProject
Global
	GlobalSection(SolutionConfigurationPlatforms) = preSolution
		Debug|Any CPU = Debug|Any CPU
		Release|Any CPU = Release|Any CPU
	EndGlobalSection
	GlobalSection(ProjectConfigurationPlatforms) = postSolution
		{316EBAB9-00AD-4474-A9B3-5222DF449364}.Debug|Any CPU.ActiveCfg = Debug|Any CPU
		{316EBAB9-00AD-4474-A9B3-5222DF449364}.Debug|Any CPU.Build.0 = Debug|Any CPU
		{316EBAB9-00AD-4474-A9B3-5222DF449364}.Release|Any CPU.ActiveCfg = Release|Any CPU
		{316EBAB9-00AD-4474-A9B3-5222DF449364}.Release|Any CPU.Build.0 = Release|Any CPU
	EndGlobalSection
	GlobalSection(SolutionProperties) = preSolution
		HideSolutionNode = FALSE
	EndGlobalSection
	GlobalSection(ExtensibilityGlobals) = postSolution
		SolutionGuid = {DA85A316-2394-4E65-8583-325F18C4B0FB}
	EndGlobalSection
EndGlobal
