
Microsoft Visual Studio Solution File, Format Version 12.00
# Visual Studio Version 17
VisualStudioVersion = 17.8.34330.188
MinimumVisualStudioVersion = 10.0.40219.1
Project("{FAE04EC0-301F-11D3-BF4B-00C04F79EFBC}") = "FoodCost", "FoodCost\FoodCost.csproj", "{5CB2C97D-E0E6-4F16-A316-78EE1A7BAE60}"
EndProject
Global
	GlobalSection(SolutionConfigurationPlatforms) = preSolution
		Debug|Any CPU = Debug|Any CPU
		Release|Any CPU = Release|Any CPU
	EndGlobalSection
	GlobalSection(ProjectConfigurationPlatforms) = postSolution
		{5CB2C97D-E0E6-4F16-A316-78EE1A7BAE60}.Debug|Any CPU.ActiveCfg = Debug|Any CPU
		{5CB2C97D-E0E6-4F16-A316-78EE1A7BAE60}.Debug|Any CPU.Build.0 = Debug|Any CPU
		{5CB2C97D-E0E6-4F16-A316-78EE1A7BAE60}.Release|Any CPU.ActiveCfg = Release|Any CPU
		{5CB2C97D-E0E6-4F16-A316-78EE1A7BAE60}.Release|Any CPU.Build.0 = Release|Any CPU
	EndGlobalSection
	GlobalSection(SolutionProperties) = preSolution
		HideSolutionNode = FALSE
	EndGlobalSection
	GlobalSection(ExtensibilityGlobals) = postSolution
		SolutionGuid = {C325808A-6D6E-439E-BDE9-2C4BC9FA07F9}
	EndGlobalSection
EndGlobal
