
Microsoft Visual Studio Solution File, Format Version 12.00
# Visual Studio Version 17
VisualStudioVersion = 17.8.34330.188
MinimumVisualStudioVersion = 10.0.40219.1
Project("{FAE04EC0-301F-11D3-BF4B-00C04F79EFBC}") = "OffByOne", "OffByOne\OffByOne.csproj", "{34BD706C-505A-4B71-B4D0-333173069F5B}"
EndProject
Global
	GlobalSection(SolutionConfigurationPlatforms) = preSolution
		Debug|Any CPU = Debug|Any CPU
		Release|Any CPU = Release|Any CPU
	EndGlobalSection
	GlobalSection(ProjectConfigurationPlatforms) = postSolution
		{34BD706C-505A-4B71-B4D0-333173069F5B}.Debug|Any CPU.ActiveCfg = Debug|Any CPU
		{34BD706C-505A-4B71-B4D0-333173069F5B}.Debug|Any CPU.Build.0 = Debug|Any CPU
		{34BD706C-505A-4B71-B4D0-333173069F5B}.Release|Any CPU.ActiveCfg = Release|Any CPU
		{34BD706C-505A-4B71-B4D0-333173069F5B}.Release|Any CPU.Build.0 = Release|Any CPU
	EndGlobalSection
	GlobalSection(SolutionProperties) = preSolution
		HideSolutionNode = FALSE
	EndGlobalSection
	GlobalSection(ExtensibilityGlobals) = postSolution
		SolutionGuid = {B3A22032-ADA3-4520-857A-41430CB322DE}
	EndGlobalSection
EndGlobal
