
Microsoft Visual Studio Solution File, Format Version 12.00
# Visual Studio Version 17
VisualStudioVersion = 17.8.34330.188
MinimumVisualStudioVersion = 10.0.40219.1
Project("{FAE04EC0-301F-11D3-BF4B-00C04F79EFBC}") = "MinimumWage", "MinimumWage\MinimumWage.csproj", "{792225B4-6D0B-4A51-A97A-599AA1F9139A}"
EndProject
Global
	GlobalSection(SolutionConfigurationPlatforms) = preSolution
		Debug|Any CPU = Debug|Any CPU
		Release|Any CPU = Release|Any CPU
	EndGlobalSection
	GlobalSection(ProjectConfigurationPlatforms) = postSolution
		{792225B4-6D0B-4A51-A97A-599AA1F9139A}.Debug|Any CPU.ActiveCfg = Debug|Any CPU
		{792225B4-6D0B-4A51-A97A-599AA1F9139A}.Debug|Any CPU.Build.0 = Debug|Any CPU
		{792225B4-6D0B-4A51-A97A-599AA1F9139A}.Release|Any CPU.ActiveCfg = Release|Any CPU
		{792225B4-6D0B-4A51-A97A-599AA1F9139A}.Release|Any CPU.Build.0 = Release|Any CPU
	EndGlobalSection
	GlobalSection(SolutionProperties) = preSolution
		HideSolutionNode = FALSE
	EndGlobalSection
	GlobalSection(ExtensibilityGlobals) = postSolution
		SolutionGuid = {EC3DE7B3-B361-4AB2-A669-1C3CF6C979F8}
	EndGlobalSection
EndGlobal
