
Microsoft Visual Studio Solution File, Format Version 12.00
# Visual Studio Version 17
VisualStudioVersion = 17.8.34330.188
MinimumVisualStudioVersion = 10.0.40219.1
Project("{FAE04EC0-301F-11D3-BF4B-00C04F79EFBC}") = "AudileRange", "AudileRange\AudileRange.csproj", "{EAF69EC3-B739-4B08-92FB-1BB9347AFEC4}"
EndProject
Global
	GlobalSection(SolutionConfigurationPlatforms) = preSolution
		Debug|Any CPU = Debug|Any CPU
		Release|Any CPU = Release|Any CPU
	EndGlobalSection
	GlobalSection(ProjectConfigurationPlatforms) = postSolution
		{EAF69EC3-B739-4B08-92FB-1BB9347AFEC4}.Debug|Any CPU.ActiveCfg = Debug|Any CPU
		{EAF69EC3-B739-4B08-92FB-1BB9347AFEC4}.Debug|Any CPU.Build.0 = Debug|Any CPU
		{EAF69EC3-B739-4B08-92FB-1BB9347AFEC4}.Release|Any CPU.ActiveCfg = Release|Any CPU
		{EAF69EC3-B739-4B08-92FB-1BB9347AFEC4}.Release|Any CPU.Build.0 = Release|Any CPU
	EndGlobalSection
	GlobalSection(SolutionProperties) = preSolution
		HideSolutionNode = FALSE
	EndGlobalSection
	GlobalSection(ExtensibilityGlobals) = postSolution
		SolutionGuid = {012484CE-406E-418F-AB7E-08F01D27042D}
	EndGlobalSection
EndGlobal
