
Microsoft Visual Studio Solution File, Format Version 12.00
# Visual Studio Version 17
VisualStudioVersion = 17.8.34330.188
MinimumVisualStudioVersion = 10.0.40219.1
Project("{FAE04EC0-301F-11D3-BF4B-00C04F79EFBC}") = "404NotFound", "404NotFound\404NotFound.csproj", "{143615EF-E607-40C0-AE40-3A5C582DD845}"
EndProject
Global
	GlobalSection(SolutionConfigurationPlatforms) = preSolution
		Debug|Any CPU = Debug|Any CPU
		Release|Any CPU = Release|Any CPU
	EndGlobalSection
	GlobalSection(ProjectConfigurationPlatforms) = postSolution
		{143615EF-E607-40C0-AE40-3A5C582DD845}.Debug|Any CPU.ActiveCfg = Debug|Any CPU
		{143615EF-E607-40C0-AE40-3A5C582DD845}.Debug|Any CPU.Build.0 = Debug|Any CPU
		{143615EF-E607-40C0-AE40-3A5C582DD845}.Release|Any CPU.ActiveCfg = Release|Any CPU
		{143615EF-E607-40C0-AE40-3A5C582DD845}.Release|Any CPU.Build.0 = Release|Any CPU
	EndGlobalSection
	GlobalSection(SolutionProperties) = preSolution
		HideSolutionNode = FALSE
	EndGlobalSection
	GlobalSection(ExtensibilityGlobals) = postSolution
		SolutionGuid = {2E074CCE-4C0F-4325-B8BD-11C96951A9C3}
	EndGlobalSection
EndGlobal
